
Microsoft Visual Studio Solution File, Format Version 12.00
# Visual Studio Express 2012 for Windows Phone
Project("{FAE04EC0-301F-11D3-BF4B-00C04F79EFBC}") = "EvenDemo", "EvenDemo\EvenDemo.csproj", "{9834521B-0AAF-47B8-BF15-27C78CE402EC}"
EndProject
Global
	GlobalSection(SolutionConfigurationPlatforms) = preSolution
		Debug|Any CPU = Debug|Any CPU
		Debug|ARM = Debug|ARM
		Debug|x86 = Debug|x86
		Release|Any CPU = Release|Any CPU
		Release|ARM = Release|ARM
		Release|x86 = Release|x86
	EndGlobalSection
	GlobalSection(ProjectConfigurationPlatforms) = postSolution
		{9834521B-0AAF-47B8-BF15-27C78CE402EC}.Debug|Any CPU.ActiveCfg = Debug|Any CPU
		{9834521B-0AAF-47B8-BF15-27C78CE402EC}.Debug|Any CPU.Build.0 = Debug|Any CPU
		{9834521B-0AAF-47B8-BF15-27C78CE402EC}.Debug|Any CPU.Deploy.0 = Debug|Any CPU
		{9834521B-0AAF-47B8-BF15-27C78CE402EC}.Debug|ARM.ActiveCfg = Debug|ARM
		{9834521B-0AAF-47B8-BF15-27C78CE402EC}.Debug|ARM.Build.0 = Debug|ARM
		{9834521B-0AAF-47B8-BF15-27C78CE402EC}.Debug|ARM.Deploy.0 = Debug|ARM
		{9834521B-0AAF-47B8-BF15-27C78CE402EC}.Debug|x86.ActiveCfg = Debug|x86
		{9834521B-0AAF-47B8-BF15-27C78CE402EC}.Debug|x86.Build.0 = Debug|x86
		{9834521B-0AAF-47B8-BF15-27C78CE402EC}.Debug|x86.Deploy.0 = Debug|x86
		{9834521B-0AAF-47B8-BF15-27C78CE402EC}.Release|Any CPU.ActiveCfg = Release|Any CPU
		{9834521B-0AAF-47B8-BF15-27C78CE402EC}.Release|Any CPU.Build.0 = Release|Any CPU
		{9834521B-0AAF-47B8-BF15-27C78CE402EC}.Release|Any CPU.Deploy.0 = Release|Any CPU
		{9834521B-0AAF-47B8-BF15-27C78CE402EC}.Release|ARM.ActiveCfg = Release|ARM
		{9834521B-0AAF-47B8-BF15-27C78CE402EC}.Release|ARM.Build.0 = Release|ARM
		{9834521B-0AAF-47B8-BF15-27C78CE402EC}.Release|ARM.Deploy.0 = Release|ARM
		{9834521B-0AAF-47B8-BF15-27C78CE402EC}.Release|x86.ActiveCfg = Release|x86
		{9834521B-0AAF-47B8-BF15-27C78CE402EC}.Release|x86.Build.0 = Release|x86
		{9834521B-0AAF-47B8-BF15-27C78CE402EC}.Release|x86.Deploy.0 = Release|x86
	EndGlobalSection
	GlobalSection(SolutionProperties) = preSolution
		HideSolutionNode = FALSE
	EndGlobalSection
EndGlobal
