
Microsoft Visual Studio Solution File, Format Version 12.00
# Visual Studio Express 2012 for Windows Phone
Project("{FAE04EC0-301F-11D3-BF4B-00C04F79EFBC}") = "BluetoothApp2DeviceDemo", "BluetoothApp2DeviceDemo\BluetoothApp2DeviceDemo.csproj", "{A6E4C4B9-28D7-46F7-8EA2-C85F908C6E85}"
EndProject
Global
	GlobalSection(SolutionConfigurationPlatforms) = preSolution
		Debug|Any CPU = Debug|Any CPU
		Debug|ARM = Debug|ARM
		Debug|x86 = Debug|x86
		Release|Any CPU = Release|Any CPU
		Release|ARM = Release|ARM
		Release|x86 = Release|x86
	EndGlobalSection
	GlobalSection(ProjectConfigurationPlatforms) = postSolution
		{A6E4C4B9-28D7-46F7-8EA2-C85F908C6E85}.Debug|Any CPU.ActiveCfg = Debug|Any CPU
		{A6E4C4B9-28D7-46F7-8EA2-C85F908C6E85}.Debug|Any CPU.Build.0 = Debug|Any CPU
		{A6E4C4B9-28D7-46F7-8EA2-C85F908C6E85}.Debug|Any CPU.Deploy.0 = Debug|Any CPU
		{A6E4C4B9-28D7-46F7-8EA2-C85F908C6E85}.Debug|ARM.ActiveCfg = Debug|ARM
		{A6E4C4B9-28D7-46F7-8EA2-C85F908C6E85}.Debug|ARM.Build.0 = Debug|ARM
		{A6E4C4B9-28D7-46F7-8EA2-C85F908C6E85}.Debug|ARM.Deploy.0 = Debug|ARM
		{A6E4C4B9-28D7-46F7-8EA2-C85F908C6E85}.Debug|x86.ActiveCfg = Debug|x86
		{A6E4C4B9-28D7-46F7-8EA2-C85F908C6E85}.Debug|x86.Build.0 = Debug|x86
		{A6E4C4B9-28D7-46F7-8EA2-C85F908C6E85}.Debug|x86.Deploy.0 = Debug|x86
		{A6E4C4B9-28D7-46F7-8EA2-C85F908C6E85}.Release|Any CPU.ActiveCfg = Release|Any CPU
		{A6E4C4B9-28D7-46F7-8EA2-C85F908C6E85}.Release|Any CPU.Build.0 = Release|Any CPU
		{A6E4C4B9-28D7-46F7-8EA2-C85F908C6E85}.Release|Any CPU.Deploy.0 = Release|Any CPU
		{A6E4C4B9-28D7-46F7-8EA2-C85F908C6E85}.Release|ARM.ActiveCfg = Release|ARM
		{A6E4C4B9-28D7-46F7-8EA2-C85F908C6E85}.Release|ARM.Build.0 = Release|ARM
		{A6E4C4B9-28D7-46F7-8EA2-C85F908C6E85}.Release|ARM.Deploy.0 = Release|ARM
		{A6E4C4B9-28D7-46F7-8EA2-C85F908C6E85}.Release|x86.ActiveCfg = Release|x86
		{A6E4C4B9-28D7-46F7-8EA2-C85F908C6E85}.Release|x86.Build.0 = Release|x86
		{A6E4C4B9-28D7-46F7-8EA2-C85F908C6E85}.Release|x86.Deploy.0 = Release|x86
	EndGlobalSection
	GlobalSection(SolutionProperties) = preSolution
		HideSolutionNode = FALSE
	EndGlobalSection
EndGlobal
