
Microsoft Visual Studio Solution File, Format Version 12.00
# Visual Studio Express 2012 for Windows Phone
Project("{FAE04EC0-301F-11D3-BF4B-00C04F79EFBC}") = "DatagramSocketDemo", "DatagramSocketDemo\DatagramSocketDemo.csproj", "{D4A8FF08-B323-4E60-861E-B4E35565884F}"
EndProject
Global
	GlobalSection(SolutionConfigurationPlatforms) = preSolution
		Debug|Any CPU = Debug|Any CPU
		Debug|ARM = Debug|ARM
		Debug|x86 = Debug|x86
		Release|Any CPU = Release|Any CPU
		Release|ARM = Release|ARM
		Release|x86 = Release|x86
	EndGlobalSection
	GlobalSection(ProjectConfigurationPlatforms) = postSolution
		{D4A8FF08-B323-4E60-861E-B4E35565884F}.Debug|Any CPU.ActiveCfg = Debug|Any CPU
		{D4A8FF08-B323-4E60-861E-B4E35565884F}.Debug|Any CPU.Build.0 = Debug|Any CPU
		{D4A8FF08-B323-4E60-861E-B4E35565884F}.Debug|Any CPU.Deploy.0 = Debug|Any CPU
		{D4A8FF08-B323-4E60-861E-B4E35565884F}.Debug|ARM.ActiveCfg = Debug|ARM
		{D4A8FF08-B323-4E60-861E-B4E35565884F}.Debug|ARM.Build.0 = Debug|ARM
		{D4A8FF08-B323-4E60-861E-B4E35565884F}.Debug|ARM.Deploy.0 = Debug|ARM
		{D4A8FF08-B323-4E60-861E-B4E35565884F}.Debug|x86.ActiveCfg = Debug|x86
		{D4A8FF08-B323-4E60-861E-B4E35565884F}.Debug|x86.Build.0 = Debug|x86
		{D4A8FF08-B323-4E60-861E-B4E35565884F}.Debug|x86.Deploy.0 = Debug|x86
		{D4A8FF08-B323-4E60-861E-B4E35565884F}.Release|Any CPU.ActiveCfg = Release|Any CPU
		{D4A8FF08-B323-4E60-861E-B4E35565884F}.Release|Any CPU.Build.0 = Release|Any CPU
		{D4A8FF08-B323-4E60-861E-B4E35565884F}.Release|Any CPU.Deploy.0 = Release|Any CPU
		{D4A8FF08-B323-4E60-861E-B4E35565884F}.Release|ARM.ActiveCfg = Release|ARM
		{D4A8FF08-B323-4E60-861E-B4E35565884F}.Release|ARM.Build.0 = Release|ARM
		{D4A8FF08-B323-4E60-861E-B4E35565884F}.Release|ARM.Deploy.0 = Release|ARM
		{D4A8FF08-B323-4E60-861E-B4E35565884F}.Release|x86.ActiveCfg = Release|x86
		{D4A8FF08-B323-4E60-861E-B4E35565884F}.Release|x86.Build.0 = Release|x86
		{D4A8FF08-B323-4E60-861E-B4E35565884F}.Release|x86.Deploy.0 = Release|x86
	EndGlobalSection
	GlobalSection(SolutionProperties) = preSolution
		HideSolutionNode = FALSE
	EndGlobalSection
EndGlobal
